# This file is automatically @generated by Cargo.
# It is not intended for manual editing.
version = 4

[[package]]
name = "cfg-if"
version = "1.0.4"
source = "registry+https://github.com/rust-lang/crates.io-index"
checksum = "9330f8b2ff13f34540b44e946ef35111825727b38d33286ef986142615121801"

[[package]]
name = "dashu-base"
version = "0.4.3"
source = "registry+https://github.com/rust-lang/crates.io-index"
checksum = "993b95dc1b248e3f5747dcb017a41d6e75853a2e5ee4504f7d537c5b8dffdae4"

[[package]]
name = "dashu-int"
version = "0.4.3"
source = "registry+https://github.com/rust-lang/crates.io-index"
checksum = "49c05a0d5cb0b39fcc87c46432fdac24b90dce239857c7f6b798be4ffc3c42c6"
dependencies = [
 "cfg-if",
 "dashu-base",
 "num-modular",
 "rustversion",
 "static_assertions",
]

[[package]]
name = "dashu-ratio"
version = "0.4.4"
source = "registry+https://github.com/rust-lang/crates.io-index"
checksum = "b420c8782f033bd96a6ac8b8c2bfad184d44b6d58adffe36a6ae8633ff7662b2"
dependencies = [
 "dashu-base",
 "dashu-int",
 "rustversion",
]

[[package]]
name = "dsflower-dp-primitives"
version = "0.1.0"
dependencies = [
 "dashu-base",
 "dashu-int",
 "dashu-ratio",
 "getrandom",
 "zeroize",
]

[[package]]
name = "getrandom"
version = "0.4.3"
source = "registry+https://github.com/rust-lang/crates.io-index"
checksum = "300e883d756b2e4ec94e02791f39b04b522276138852cfc41d9fb7e904106099"
dependencies = [
 "cfg-if",
 "libc",
 "r-efi",
]

[[package]]
name = "libc"
version = "0.2.189"
source = "registry+https://github.com/rust-lang/crates.io-index"
checksum = "3eaf3ede3fee6db1a4c2ee091bf8a8b4dccdc6d17f656fb07896ee72867612f2"

[[package]]
name = "num-modular"
version = "0.6.5"
source = "registry+https://github.com/rust-lang/crates.io-index"
checksum = "bd8e500409e6cd603b03e477c26a6caecdc27ac58979a53e881c75eafc079f44"

[[package]]
name = "r-efi"
version = "6.0.0"
source = "registry+https://github.com/rust-lang/crates.io-index"
checksum = "f8dcc9c7d52a811697d2151c701e0d08956f92b0e24136cf4cf27b57a6a0d9bf"

[[package]]
name = "rustversion"
version = "1.0.23"
source = "registry+https://github.com/rust-lang/crates.io-index"
checksum = "cf54715a573b99ac80df0bc206da022bcd442c974952c7b9720069370852e21f"

[[package]]
name = "static_assertions"
version = "1.1.0"
source = "registry+https://github.com/rust-lang/crates.io-index"
checksum = "a2eb9349b6444b326872e140eb1cf5e7c522154d69e7a0ffb0fb81c06b37543f"

[[package]]
name = "zeroize"
version = "1.8.2"
source = "registry+https://github.com/rust-lang/crates.io-index"
checksum = "b97154e67e32c85465826e8bcc1c59429aaaf107c1e4a9e53c8d8ccd5eff88d0"
